
Microsoft Visual Studio Solution File, Format Version 12.00
# Visual Studio 15
VisualStudioVersion = 15.0.27130.2027
MinimumVisualStudioVersion = 10.0.40219.1
Project("{8BC9CEB8-8B4A-11D0-8D11-00A0C91BC942}") = "2DGame", "2DGame.vcxproj", "{82184345-FBC3-418F-966C-15D1F9C0FDF1}"
EndProject
Global
	GlobalSection(SolutionConfigurationPlatforms) = preSolution
		Debug|x64 = Debug|x64
		Debug|x86 = Debug|x86
		Release|x64 = Release|x64
		Release|x86 = Release|x86
	EndGlobalSection
	GlobalSection(ProjectConfigurationPlatforms) = postSolution
		{82184345-FBC3-418F-966C-15D1F9C0FDF1}.Debug|x64.ActiveCfg = Debug|x64
		{82184345-FBC3-418F-966C-15D1F9C0FDF1}.Debug|x64.Build.0 = Debug|x64
		{82184345-FBC3-418F-966C-15D1F9C0FDF1}.Debug|x86.ActiveCfg = Debug|Win32
		{82184345-FBC3-418F-966C-15D1F9C0FDF1}.Debug|x86.Build.0 = Debug|Win32
		{82184345-FBC3-418F-966C-15D1F9C0FDF1}.Release|x64.ActiveCfg = Release|x64
		{82184345-FBC3-418F-966C-15D1F9C0FDF1}.Release|x64.Build.0 = Release|x64
		{82184345-FBC3-418F-966C-15D1F9C0FDF1}.Release|x86.ActiveCfg = Release|Win32
		{82184345-FBC3-418F-966C-15D1F9C0FDF1}.Release|x86.Build.0 = Release|Win32
	EndGlobalSection
	GlobalSection(SolutionProperties) = preSolution
		HideSolutionNode = FALSE
	EndGlobalSection
	GlobalSection(ExtensibilityGlobals) = postSolution
		SolutionGuid = {5A26971C-0E4C-4C1B-AFB3-E57B774908E3}
	EndGlobalSection
EndGlobal
